
Microsoft Visual Studio Solution File, Format Version 12.00
# Visual Studio 2012
Project("{FAE04EC0-301F-11D3-BF4B-00C04F79EFBC}") = "Clase10", "Clase10\Clase10.csproj", "{FC5A8937-0EFF-46CF-A86F-F21D8DD7481F}"
EndProject
Global
	GlobalSection(SolutionConfigurationPlatforms) = preSolution
		Debug|Any CPU = Debug|Any CPU
		Release|Any CPU = Release|Any CPU
	EndGlobalSection
	GlobalSection(ProjectConfigurationPlatforms) = postSolution
		{FC5A8937-0EFF-46CF-A86F-F21D8DD7481F}.Debug|Any CPU.ActiveCfg = Debug|Any CPU
		{FC5A8937-0EFF-46CF-A86F-F21D8DD7481F}.Debug|Any CPU.Build.0 = Debug|Any CPU
		{FC5A8937-0EFF-46CF-A86F-F21D8DD7481F}.Release|Any CPU.ActiveCfg = Release|Any CPU
		{FC5A8937-0EFF-46CF-A86F-F21D8DD7481F}.Release|Any CPU.Build.0 = Release|Any CPU
	EndGlobalSection
	GlobalSection(SolutionProperties) = preSolution
		HideSolutionNode = FALSE
	EndGlobalSection
EndGlobal
