
Microsoft Visual Studio Solution File, Format Version 12.00
# Visual Studio Express 2012 for Windows Desktop
Project("{FAE04EC0-301F-11D3-BF4B-00C04F79EFBC}") = "PracticaParcial", "PracticaParcial\PracticaParcial.csproj", "{24D6D9E4-1446-419A-87AF-7360E9C989D5}"
EndProject
Project("{FAE04EC0-301F-11D3-BF4B-00C04F79EFBC}") = "Entities", "Entities\Entities.csproj", "{414D256A-1B60-48A3-B537-7CC43E5A10B0}"
EndProject
Global
	GlobalSection(SolutionConfigurationPlatforms) = preSolution
		Debug|Any CPU = Debug|Any CPU
		Release|Any CPU = Release|Any CPU
	EndGlobalSection
	GlobalSection(ProjectConfigurationPlatforms) = postSolution
		{24D6D9E4-1446-419A-87AF-7360E9C989D5}.Debug|Any CPU.ActiveCfg = Debug|Any CPU
		{24D6D9E4-1446-419A-87AF-7360E9C989D5}.Debug|Any CPU.Build.0 = Debug|Any CPU
		{24D6D9E4-1446-419A-87AF-7360E9C989D5}.Release|Any CPU.ActiveCfg = Release|Any CPU
		{24D6D9E4-1446-419A-87AF-7360E9C989D5}.Release|Any CPU.Build.0 = Release|Any CPU
		{414D256A-1B60-48A3-B537-7CC43E5A10B0}.Debug|Any CPU.ActiveCfg = Debug|Any CPU
		{414D256A-1B60-48A3-B537-7CC43E5A10B0}.Debug|Any CPU.Build.0 = Debug|Any CPU
		{414D256A-1B60-48A3-B537-7CC43E5A10B0}.Release|Any CPU.ActiveCfg = Release|Any CPU
		{414D256A-1B60-48A3-B537-7CC43E5A10B0}.Release|Any CPU.Build.0 = Release|Any CPU
	EndGlobalSection
	GlobalSection(SolutionProperties) = preSolution
		HideSolutionNode = FALSE
	EndGlobalSection
EndGlobal
