
Microsoft Visual Studio Solution File, Format Version 12.00
# Visual Studio Express 2012 for Windows Desktop
Project("{FAE04EC0-301F-11D3-BF4B-00C04F79EFBC}") = "ParimerParcialMascotas", "ParimerParcialMascotas\ParimerParcialMascotas.csproj", "{CABF2BA2-0CB8-4348-B875-B2455E680B65}"
EndProject
Project("{FAE04EC0-301F-11D3-BF4B-00C04F79EFBC}") = "Entities", "Entities\Entities.csproj", "{4D4BD819-97C9-4016-A0E2-90F3D84592F9}"
EndProject
Global
	GlobalSection(SolutionConfigurationPlatforms) = preSolution
		Debug|Any CPU = Debug|Any CPU
		Release|Any CPU = Release|Any CPU
	EndGlobalSection
	GlobalSection(ProjectConfigurationPlatforms) = postSolution
		{CABF2BA2-0CB8-4348-B875-B2455E680B65}.Debug|Any CPU.ActiveCfg = Debug|Any CPU
		{CABF2BA2-0CB8-4348-B875-B2455E680B65}.Debug|Any CPU.Build.0 = Debug|Any CPU
		{CABF2BA2-0CB8-4348-B875-B2455E680B65}.Release|Any CPU.ActiveCfg = Release|Any CPU
		{CABF2BA2-0CB8-4348-B875-B2455E680B65}.Release|Any CPU.Build.0 = Release|Any CPU
		{4D4BD819-97C9-4016-A0E2-90F3D84592F9}.Debug|Any CPU.ActiveCfg = Debug|Any CPU
		{4D4BD819-97C9-4016-A0E2-90F3D84592F9}.Debug|Any CPU.Build.0 = Debug|Any CPU
		{4D4BD819-97C9-4016-A0E2-90F3D84592F9}.Release|Any CPU.ActiveCfg = Release|Any CPU
		{4D4BD819-97C9-4016-A0E2-90F3D84592F9}.Release|Any CPU.Build.0 = Release|Any CPU
	EndGlobalSection
	GlobalSection(SolutionProperties) = preSolution
		HideSolutionNode = FALSE
	EndGlobalSection
EndGlobal
